// !$*UTF8*$!
{
	archiveVersion = 1;
	classes = {
	};
	objectVersion = 50;
	objects = {

/* Begin PBXBuildFile section */
		4C6D122C24BE2AB300172CF8 /* Resources in Resources */ = {isa = PBXBuildFile; fileRef = 4C6D122124BE2AB200172CF8 /* Resources */; };
		4CCFAD8424C1E92B0074A593 /* spaceship_new.cpp in Sources */ = {isa = PBXBuildFile; fileRef = 4CCFAD8324C1E92B0074A593 /* spaceship_new.cpp */; };
		4CCFAD9124C1E9390074A593 /* laser.cpp in Sources */ = {isa = PBXBuildFile; fileRef = 4CCFAD8524C1E9390074A593 /* laser.cpp */; };
		4CCFAD9224C1E9390074A593 /* background.cpp in Sources */ = {isa = PBXBuildFile; fileRef = 4CCFAD8624C1E9390074A593 /* background.cpp */; };
		4CCFAD9324C1E9390074A593 /* EventHorizon_Client1.pro in Resources */ = {isa = PBXBuildFile; fileRef = 4CCFAD8724C1E9390074A593 /* EventHorizon_Client1.pro */; };
		4CCFAD9424C1E9390074A593 /* asteroid1.cpp in Sources */ = {isa = PBXBuildFile; fileRef = 4CCFAD8A24C1E9390074A593 /* asteroid1.cpp */; };
		4CCFAD9524C1E9390074A593 /* main.cpp in Sources */ = {isa = PBXBuildFile; fileRef = 4CCFAD8D24C1E9390074A593 /* main.cpp */; };
		4CCFAD9624C1E9390074A593 /* abstract.cpp in Sources */ = {isa = PBXBuildFile; fileRef = 4CCFAD8E24C1E9390074A593 /* abstract.cpp */; };
		4CCFAD9724C1E9390074A593 /* bonus.cpp in Sources */ = {isa = PBXBuildFile; fileRef = 4CCFAD8F24C1E9390074A593 /* bonus.cpp */; };
/* End PBXBuildFile section */

/* Begin PBXFileReference section */
		4C6D11FF24BE2A3300172CF8 /* client2.app */ = {isa = PBXFileReference; explicitFileType = wrapper.application; includeInIndex = 0; path = client2.app; sourceTree = BUILT_PRODUCTS_DIR; };
		4C6D122124BE2AB200172CF8 /* Resources */ = {isa = PBXFileReference; lastKnownFileType = folder; name = Resources; path = ../../EventHorizon/Resources; sourceTree = "<group>"; };
		4CCFAD8224C1E92B0074A593 /* spaceship_new.hpp */ = {isa = PBXFileReference; fileEncoding = 4; lastKnownFileType = sourcecode.cpp.h; name = spaceship_new.hpp; path = ../../EventHorizon_Client2/spaceship_new.hpp; sourceTree = "<group>"; };
		4CCFAD8324C1E92B0074A593 /* spaceship_new.cpp */ = {isa = PBXFileReference; fileEncoding = 4; lastKnownFileType = sourcecode.cpp.cpp; name = spaceship_new.cpp; path = ../../EventHorizon_Client2/spaceship_new.cpp; sourceTree = "<group>"; };
		4CCFAD8524C1E9390074A593 /* laser.cpp */ = {isa = PBXFileReference; fileEncoding = 4; lastKnownFileType = sourcecode.cpp.cpp; name = laser.cpp; path = ../../EventHorizon_Client1/laser.cpp; sourceTree = "<group>"; };
		4CCFAD8624C1E9390074A593 /* background.cpp */ = {isa = PBXFileReference; fileEncoding = 4; lastKnownFileType = sourcecode.cpp.cpp; name = background.cpp; path = ../../EventHorizon_Client1/background.cpp; sourceTree = "<group>"; };
		4CCFAD8724C1E9390074A593 /* EventHorizon_Client1.pro */ = {isa = PBXFileReference; fileEncoding = 4; lastKnownFileType = text; name = EventHorizon_Client1.pro; path = ../../EventHorizon_Client1/EventHorizon_Client1.pro; sourceTree = "<group>"; };
		4CCFAD8824C1E9390074A593 /* asteroid1.h */ = {isa = PBXFileReference; fileEncoding = 4; lastKnownFileType = sourcecode.c.h; name = asteroid1.h; path = ../../EventHorizon_Client1/asteroid1.h; sourceTree = "<group>"; };
		4CCFAD8924C1E9390074A593 /* abstract.h */ = {isa = PBXFileReference; fileEncoding = 4; lastKnownFileType = sourcecode.c.h; name = abstract.h; path = ../../EventHorizon_Client1/abstract.h; sourceTree = "<group>"; };
		4CCFAD8A24C1E9390074A593 /* asteroid1.cpp */ = {isa = PBXFileReference; fileEncoding = 4; lastKnownFileType = sourcecode.cpp.cpp; name = asteroid1.cpp; path = ../../EventHorizon_Client1/asteroid1.cpp; sourceTree = "<group>"; };
		4CCFAD8B24C1E9390074A593 /* background.h */ = {isa = PBXFileReference; fileEncoding = 4; lastKnownFileType = sourcecode.c.h; name = background.h; path = ../../EventHorizon_Client1/background.h; sourceTree = "<group>"; };
		4CCFAD8C24C1E9390074A593 /* laser.h */ = {isa = PBXFileReference; fileEncoding = 4; lastKnownFileType = sourcecode.c.h; name = laser.h; path = ../../EventHorizon_Client1/laser.h; sourceTree = "<group>"; };
		4CCFAD8D24C1E9390074A593 /* main.cpp */ = {isa = PBXFileReference; fileEncoding = 4; lastKnownFileType = sourcecode.cpp.cpp; name = main.cpp; path = ../../EventHorizon_Client1/main.cpp; sourceTree = "<group>"; };
		4CCFAD8E24C1E9390074A593 /* abstract.cpp */ = {isa = PBXFileReference; fileEncoding = 4; lastKnownFileType = sourcecode.cpp.cpp; name = abstract.cpp; path = ../../EventHorizon_Client1/abstract.cpp; sourceTree = "<group>"; };
		4CCFAD8F24C1E9390074A593 /* bonus.cpp */ = {isa = PBXFileReference; fileEncoding = 4; lastKnownFileType = sourcecode.cpp.cpp; name = bonus.cpp; path = ../../EventHorizon_Client1/bonus.cpp; sourceTree = "<group>"; };
		4CCFAD9024C1E9390074A593 /* bonus.h */ = {isa = PBXFileReference; fileEncoding = 4; lastKnownFileType = sourcecode.c.h; name = bonus.h; path = ../../EventHorizon_Client1/bonus.h; sourceTree = "<group>"; };
/* End PBXFileReference section */

/* Begin PBXFrameworksBuildPhase section */
		4C6D11FB24BE2A3300172CF8 /* Frameworks */ = {
			isa = PBXFrameworksBuildPhase;
			buildActionMask = 2147483647;
			files = (
			);
			runOnlyForDeploymentPostprocessing = 0;
		};
/* End PBXFrameworksBuildPhase section */

/* Begin PBXGroup section */
		4C6D11F524BE2A3300172CF8 = {
			isa = PBXGroup;
			children = (
				4C6D120124BE2A3300172CF8 /* client2 */,
				4C6D120024BE2A3300172CF8 /* Products */,
			);
			sourceTree = "<group>";
		};
		4C6D120024BE2A3300172CF8 /* Products */ = {
			isa = PBXGroup;
			children = (
				4C6D11FF24BE2A3300172CF8 /* client2.app */,
			);
			name = Products;
			sourceTree = "<group>";
		};
		4C6D120124BE2A3300172CF8 /* client2 */ = {
			isa = PBXGroup;
			children = (
				4CCFAD8D24C1E9390074A593 /* main.cpp */,
				4CCFAD8E24C1E9390074A593 /* abstract.cpp */,
				4CCFAD8924C1E9390074A593 /* abstract.h */,
				4CCFAD8A24C1E9390074A593 /* asteroid1.cpp */,
				4CCFAD8824C1E9390074A593 /* asteroid1.h */,
				4CCFAD8624C1E9390074A593 /* background.cpp */,
				4CCFAD8B24C1E9390074A593 /* background.h */,
				4CCFAD8F24C1E9390074A593 /* bonus.cpp */,
				4CCFAD9024C1E9390074A593 /* bonus.h */,
				4CCFAD8724C1E9390074A593 /* EventHorizon_Client1.pro */,
				4CCFAD8524C1E9390074A593 /* laser.cpp */,
				4CCFAD8C24C1E9390074A593 /* laser.h */,
				4CCFAD8324C1E92B0074A593 /* spaceship_new.cpp */,
				4CCFAD8224C1E92B0074A593 /* spaceship_new.hpp */,
				4C6D122124BE2AB200172CF8 /* Resources */,
			);
			path = client2;
			sourceTree = "<group>";
		};
/* End PBXGroup section */

/* Begin PBXNativeTarget section */
		4C6D11FE24BE2A3300172CF8 /* client2 */ = {
			isa = PBXNativeTarget;
			buildConfigurationList = 4C6D121424BE2A3400172CF8 /* Build configuration list for PBXNativeTarget "client2" */;
			buildPhases = (
				4C6D11FA24BE2A3300172CF8 /* Sources */,
				4C6D11FB24BE2A3300172CF8 /* Frameworks */,
				4C6D11FC24BE2A3300172CF8 /* Resources */,
				4C6D11FD24BE2A3300172CF8 /* ShellScript */,
			);
			buildRules = (
			);
			dependencies = (
			);
			name = client2;
			productName = client2;
			productReference = 4C6D11FF24BE2A3300172CF8 /* client2.app */;
			productType = "com.apple.product-type.application";
		};
/* End PBXNativeTarget section */

/* Begin PBXProject section */
		4C6D11F624BE2A3300172CF8 /* Project object */ = {
			isa = PBXProject;
			attributes = {
				LastUpgradeCheck = 1130;
				ORGANIZATIONNAME = "Bartłomiej Gasyna";
				TargetAttributes = {
					4C6D11FE24BE2A3300172CF8 = {
						CreatedOnToolsVersion = 11.3.1;
					};
				};
			};
			buildConfigurationList = 4C6D11F924BE2A3300172CF8 /* Build configuration list for PBXProject "client2" */;
			compatibilityVersion = "Xcode 9.3";
			developmentRegion = en;
			hasScannedForEncodings = 0;
			knownRegions = (
				en,
				Base,
			);
			mainGroup = 4C6D11F524BE2A3300172CF8;
			productRefGroup = 4C6D120024BE2A3300172CF8 /* Products */;
			projectDirPath = "";
			projectRoot = "";
			targets = (
				4C6D11FE24BE2A3300172CF8 /* client2 */,
			);
		};
/* End PBXProject section */

/* Begin PBXResourcesBuildPhase section */
		4C6D11FC24BE2A3300172CF8 /* Resources */ = {
			isa = PBXResourcesBuildPhase;
			buildActionMask = 2147483647;
			files = (
				4C6D122C24BE2AB300172CF8 /* Resources in Resources */,
				4CCFAD9324C1E9390074A593 /* EventHorizon_Client1.pro in Resources */,
			);
			runOnlyForDeploymentPostprocessing = 0;
		};
/* End PBXResourcesBuildPhase section */

/* Begin PBXShellScriptBuildPhase section */
		4C6D11FD24BE2A3300172CF8 /* ShellScript */ = {
			isa = PBXShellScriptBuildPhase;
			buildActionMask = 8;
			files = (
			);
			inputFileListPaths = (
			);
			inputPaths = (
			);
			outputFileListPaths = (
			);
			outputPaths = (
			);
			runOnlyForDeploymentPostprocessing = 1;
			shellPath = /bin/sh;
			shellScript = "# This shell script simply copies required SFML dylibs/frameworks into the application bundle frameworks folder.\n# If you're using static libraries (which is not recommended) you should remove this script from your project.\n\n# SETTINGS\nSFML_DEPENDENCIES_INSTALL_PREFIX=\"/Users/SFML/Desktop/packaging/tmp/install/Library/Frameworks\"\nCMAKE_INSTALL_FRAMEWORK_PREFIX=\"/Users/SFML/Desktop/packaging/tmp/install/Library/Frameworks\"\nCMAKE_INSTALL_LIB_PREFIX=\"/Users/SFML/Desktop/packaging/tmp/install/Library/Frameworks/lib\"\nFRAMEWORKS_FULL_PATH=\"$BUILT_PRODUCTS_DIR/$FRAMEWORKS_FOLDER_PATH/\"\n\n# Are we building a project that uses frameworks or dylibs?\ncase \"$SFML_BINARY_TYPE\" in\n    DYLIBS)\n        frameworks=\"false\"\n        ;;\n    *)\n        frameworks=\"true\"\n        ;;\nesac\n\n# Echoes to stderr\nerror () # $* message to display\n{\n    echo $* 1>&2\n    exit 2\n}\n\nassert () # $1 is a boolean, $2...N is an error message\n{\n    if [ $# -lt 2 ]\n    then\n        error \"Internal error in assert: not enough args\"\n    fi\n\n    if [ $1 -ne 0 ]\n    then\n        shift\n        error \"$*\"\n    fi\n}\n\nforce_remove () # $@ is some paths\n{\n    test $# -ge 1\n    assert $? \"force_remove() requires at least one parameter\"\n    rm -fr $@\n    assert $? \"couldn't remove $@\"\n}\n\ncopy () # $1 is a source, $2 is a destination\n{\n    test $# -eq 2\n    assert $? \"copy() requires two parameters\"\n    ditto \"$1\" \"$2\"\n    assert $? \"couldn't copy $1 to $2\"\n}\n\nrequire () # $1 is a SFML module like 'system' or 'audio'\n{\n    dest=\"$BUILT_PRODUCTS_DIR/$FRAMEWORKS_FOLDER_PATH/\"\n\n    if [ -z \"$1\" ]\n    then\n        error \"require() requires one parameter!\"\n    else\n        # clean potentially old stuff\n        force_remove \"$dest/libsfml-$1\"*\n        force_remove \"$dest/sfml-$1.framework\"\n\n        # copy SFML libraries\n        if [ \"$frameworks\" = \"true\" ]\n        then\n            source=\"$CMAKE_INSTALL_FRAMEWORK_PREFIX/sfml-$1.framework\"\n            target=\"sfml-$1.framework\"\n        elif [ \"$SFML_LINK_DYLIBS_SUFFIX\" = \"-d\" ]\n        then\n            source=\"$CMAKE_INSTALL_LIB_PREFIX/libsfml-$1-d.dylib\"\n            target=\"`readlink $source`\"\n        else\n            source=\"$CMAKE_INSTALL_LIB_PREFIX/libsfml-$1.dylib\"\n            target=\"`readlink $source`\"\n        fi\n\n        copy \"$source\" \"$dest/$target\"\n\n        # copy extra dependencies\n        if [ \"$1\" = \"audio\" ]\n        then\n            # copy \"FLAC\" \"ogg\" \"vorbis\" \"vorbisenc\" \"vorbisfile\" \"OpenAL\" frameworks too\n            for f in \"FLAC\" \"ogg\" \"vorbis\" \"vorbisenc\" \"vorbisfile\" \"OpenAL\"\n            do\n                copy \"$SFML_DEPENDENCIES_INSTALL_PREFIX/$f.framework\" \"$dest/$f.framework\"\n            done\n        elif [ \"$1\" = \"graphics\" ]\n        then\n            copy \"$SFML_DEPENDENCIES_INSTALL_PREFIX/freetype.framework\" \"$dest/freetype.framework\"\n        fi\n    fi\n}\n\nif [ -n \"$SFML_SYSTEM\" ]\nthen\n    require \"system\"\nfi\n\nif [ -n \"$SFML_AUDIO\" ]\nthen\n    require \"audio\"\nfi\n\nif [ -n \"$SFML_NETWORK\" ]\nthen\n    require \"network\"\nfi\n\nif [ -n \"$SFML_WINDOW\" ]\nthen\n    require \"window\"\nfi\n\nif [ -n \"$SFML_GRAPHICS\" ]\nthen\n    require \"graphics\"\nfi\n\n                \n";
		};
/* End PBXShellScriptBuildPhase section */

/* Begin PBXSourcesBuildPhase section */
		4C6D11FA24BE2A3300172CF8 /* Sources */ = {
			isa = PBXSourcesBuildPhase;
			buildActionMask = 2147483647;
			files = (
				4CCFAD8424C1E92B0074A593 /* spaceship_new.cpp in Sources */,
				4CCFAD9224C1E9390074A593 /* background.cpp in Sources */,
				4CCFAD9424C1E9390074A593 /* asteroid1.cpp in Sources */,
				4CCFAD9624C1E9390074A593 /* abstract.cpp in Sources */,
				4CCFAD9524C1E9390074A593 /* main.cpp in Sources */,
				4CCFAD9124C1E9390074A593 /* laser.cpp in Sources */,
				4CCFAD9724C1E9390074A593 /* bonus.cpp in Sources */,
			);
			runOnlyForDeploymentPostprocessing = 0;
		};
/* End PBXSourcesBuildPhase section */

/* Begin XCBuildConfiguration section */
		4C6D121224BE2A3400172CF8 /* Debug */ = {
			isa = XCBuildConfiguration;
			buildSettings = {
				ARCHS = "$(NATIVE_ARCH_ACTUAL)";
				CLANG_CXX_LANGUAGE_STANDARD = "c++11";
				CLANG_CXX_LIBRARY = "libc++";
				FRAMEWORK_SEARCH_PATHS = (
					/Library/Frameworks/,
					"$(inherited)",
				);
				GCC_VERSION = com.apple.compilers.llvm.clang.1_0;
				HEADER_SEARCH_PATHS = (
					/usr/local/include/,
					"$(inherited)",
				);
				LIBRARY_SEARCH_PATHS = (
					/usr/local/lib/,
					"$(inherited)",
				);
				MACOSX_DEPLOYMENT_TARGET = 10.7;
				OTHER_LDFLAGS = (
					"$(inherited)",
					"$(SFML_SYSTEM)",
					"$(SFML_WINDOW)",
					"$(SFML_GRAPHICS)",
					"$(SFML_AUDIO)",
					"$(SFML_NETWORK)",
				);
				SFML_AUDIO = "";
				SFML_BINARY_TYPE = FRAMEWORKS;
				SFML_GRAPHICS = "$(SFML_LINK_PREFIX) sfml-graphics$(SFML_LINK_SUFFIX)";
				SFML_LINK_DYLIBS_PREFIX = "-l";
				SFML_LINK_DYLIBS_SUFFIX = "";
				SFML_LINK_FRAMEWORKS_PREFIX = "-framework";
				SFML_LINK_FRAMEWORKS_SUFFIX = "";
				SFML_LINK_PREFIX = "$(SFML_LINK_$(SFML_BINARY_TYPE)_PREFIX)";
				SFML_LINK_SUFFIX = "$(SFML_LINK_$(SFML_BINARY_TYPE)_SUFFIX)";
				SFML_NETWORK = "$(SFML_LINK_PREFIX) sfml-network$(SFML_LINK_SUFFIX)";
				SFML_SYSTEM = "$(SFML_LINK_PREFIX) sfml-system$(SFML_LINK_SUFFIX)";
				SFML_WINDOW = "$(SFML_LINK_PREFIX) sfml-window$(SFML_LINK_SUFFIX)";
				SUPPORTED_PLATFORMS = macosx;
			};
			name = Debug;
		};
		4C6D121324BE2A3400172CF8 /* Release */ = {
			isa = XCBuildConfiguration;
			buildSettings = {
				ARCHS = "$(NATIVE_ARCH_ACTUAL)";
				CLANG_CXX_LANGUAGE_STANDARD = "c++11";
				CLANG_CXX_LIBRARY = "libc++";
				FRAMEWORK_SEARCH_PATHS = (
					/Library/Frameworks/,
					"$(inherited)",
				);
				GCC_VERSION = com.apple.compilers.llvm.clang.1_0;
				HEADER_SEARCH_PATHS = (
					/usr/local/include/,
					"$(inherited)",
				);
				LIBRARY_SEARCH_PATHS = (
					/usr/local/lib/,
					"$(inherited)",
				);
				MACOSX_DEPLOYMENT_TARGET = 10.7;
				OTHER_LDFLAGS = (
					"$(inherited)",
					"$(SFML_SYSTEM)",
					"$(SFML_WINDOW)",
					"$(SFML_GRAPHICS)",
					"$(SFML_AUDIO)",
					"$(SFML_NETWORK)",
				);
				SFML_AUDIO = "";
				SFML_BINARY_TYPE = FRAMEWORKS;
				SFML_GRAPHICS = "$(SFML_LINK_PREFIX) sfml-graphics$(SFML_LINK_SUFFIX)";
				SFML_LINK_DYLIBS_PREFIX = "-l";
				SFML_LINK_DYLIBS_SUFFIX = "";
				SFML_LINK_FRAMEWORKS_PREFIX = "-framework";
				SFML_LINK_FRAMEWORKS_SUFFIX = "";
				SFML_LINK_PREFIX = "$(SFML_LINK_$(SFML_BINARY_TYPE)_PREFIX)";
				SFML_LINK_SUFFIX = "$(SFML_LINK_$(SFML_BINARY_TYPE)_SUFFIX)";
				SFML_NETWORK = "$(SFML_LINK_PREFIX) sfml-network$(SFML_LINK_SUFFIX)";
				SFML_SYSTEM = "$(SFML_LINK_PREFIX) sfml-system$(SFML_LINK_SUFFIX)";
				SFML_WINDOW = "$(SFML_LINK_PREFIX) sfml-window$(SFML_LINK_SUFFIX)";
				SUPPORTED_PLATFORMS = macosx;
			};
			name = Release;
		};
		4C6D121524BE2A3400172CF8 /* Debug */ = {
			isa = XCBuildConfiguration;
			buildSettings = {
				CODE_SIGN_STYLE = Automatic;
				INFOPLIST_FILE = "client2/client2-Info.plist";
				LD_RUNPATH_SEARCH_PATHS = "@loader_path/../Frameworks";
				PRODUCT_NAME = "$(TARGET_NAME)";
			};
			name = Debug;
		};
		4C6D121624BE2A3400172CF8 /* Release */ = {
			isa = XCBuildConfiguration;
			buildSettings = {
				CODE_SIGN_STYLE = Automatic;
				INFOPLIST_FILE = "client2/client2-Info.plist";
				LD_RUNPATH_SEARCH_PATHS = "@loader_path/../Frameworks";
				PRODUCT_NAME = "$(TARGET_NAME)";
			};
			name = Release;
		};
/* End XCBuildConfiguration section */

/* Begin XCConfigurationList section */
		4C6D11F924BE2A3300172CF8 /* Build configuration list for PBXProject "client2" */ = {
			isa = XCConfigurationList;
			buildConfigurations = (
				4C6D121224BE2A3400172CF8 /* Debug */,
				4C6D121324BE2A3400172CF8 /* Release */,
			);
			defaultConfigurationIsVisible = 0;
			defaultConfigurationName = Release;
		};
		4C6D121424BE2A3400172CF8 /* Build configuration list for PBXNativeTarget "client2" */ = {
			isa = XCConfigurationList;
			buildConfigurations = (
				4C6D121524BE2A3400172CF8 /* Debug */,
				4C6D121624BE2A3400172CF8 /* Release */,
			);
			defaultConfigurationIsVisible = 0;
			defaultConfigurationName = Release;
		};
/* End XCConfigurationList section */
	};
	rootObject = 4C6D11F624BE2A3300172CF8 /* Project object */;
}
