// !$*UTF8*$!
{
	archiveVersion = 1;
	classes = {
	};
	objectVersion = 50;
	objects = {

/* Begin PBXBuildFile section */
		4C039A40247408BC00AACD3F /* EventHorizon.cpp in Sources */ = {isa = PBXBuildFile; fileRef = 4C039A3D247408BC00AACD3F /* EventHorizon.cpp */; };
		4C039A41247408BC00AACD3F /* main.cpp in Sources */ = {isa = PBXBuildFile; fileRef = 4C039A3E247408BC00AACD3F /* main.cpp */; };
		4C039A45247409FD00AACD3F /* Resources in Resources */ = {isa = PBXBuildFile; fileRef = 4C039A44247409FD00AACD3F /* Resources */; };
		4C039A4724740A8700AACD3F /* README.md in Resources */ = {isa = PBXBuildFile; fileRef = 4C039A4624740A8700AACD3F /* README.md */; };
		4CAFA3C424AE3B26005ADD33 /* spaceship.cpp in Sources */ = {isa = PBXBuildFile; fileRef = 4CAFA3BE24AE3B26005ADD33 /* spaceship.cpp */; };
		4CAFA3C524AE3B26005ADD33 /* asteroid1.cpp in Sources */ = {isa = PBXBuildFile; fileRef = 4CAFA3C024AE3B26005ADD33 /* asteroid1.cpp */; };
		4CAFA3C624AE3B26005ADD33 /* abstract.cpp in Sources */ = {isa = PBXBuildFile; fileRef = 4CAFA3C224AE3B26005ADD33 /* abstract.cpp */; };
		4CAFA3CC24AF386F005ADD33 /* spaceship_new.cpp in Sources */ = {isa = PBXBuildFile; fileRef = 4CAFA3CA24AF386F005ADD33 /* spaceship_new.cpp */; };
/* End PBXBuildFile section */

/* Begin PBXFileReference section */
		4C039A25247407AC00AACD3F /* EventHorizon.app */ = {isa = PBXFileReference; explicitFileType = wrapper.application; includeInIndex = 0; path = EventHorizon.app; sourceTree = BUILT_PRODUCTS_DIR; };
		4C039A29247407AC00AACD3F /* EventHorizon-Info.plist */ = {isa = PBXFileReference; lastKnownFileType = text.plist.xml; name = "EventHorizon-Info.plist"; path = "../EventHorizon-Info.plist"; sourceTree = "<group>"; };
		4C039A3D247408BC00AACD3F /* EventHorizon.cpp */ = {isa = PBXFileReference; fileEncoding = 4; lastKnownFileType = sourcecode.cpp.cpp; path = EventHorizon.cpp; sourceTree = "<group>"; };
		4C039A3E247408BC00AACD3F /* main.cpp */ = {isa = PBXFileReference; fileEncoding = 4; lastKnownFileType = sourcecode.cpp.cpp; path = main.cpp; sourceTree = "<group>"; };
		4C039A3F247408BC00AACD3F /* EventHorizon.h */ = {isa = PBXFileReference; fileEncoding = 4; lastKnownFileType = sourcecode.c.h; path = EventHorizon.h; sourceTree = "<group>"; };
		4C039A44247409FD00AACD3F /* Resources */ = {isa = PBXFileReference; lastKnownFileType = folder; path = Resources; sourceTree = "<group>"; };
		4C039A4624740A8700AACD3F /* README.md */ = {isa = PBXFileReference; fileEncoding = 4; lastKnownFileType = net.daringfireball.markdown; name = README.md; path = ../../README.md; sourceTree = "<group>"; };
		4CAFA3BE24AE3B26005ADD33 /* spaceship.cpp */ = {isa = PBXFileReference; fileEncoding = 4; lastKnownFileType = sourcecode.cpp.cpp; path = spaceship.cpp; sourceTree = "<group>"; };
		4CAFA3BF24AE3B26005ADD33 /* asteroid1.h */ = {isa = PBXFileReference; fileEncoding = 4; lastKnownFileType = sourcecode.c.h; path = asteroid1.h; sourceTree = "<group>"; };
		4CAFA3C024AE3B26005ADD33 /* asteroid1.cpp */ = {isa = PBXFileReference; fileEncoding = 4; lastKnownFileType = sourcecode.cpp.cpp; path = asteroid1.cpp; sourceTree = "<group>"; };
		4CAFA3C124AE3B26005ADD33 /* spaceship.h */ = {isa = PBXFileReference; fileEncoding = 4; lastKnownFileType = sourcecode.c.h; path = spaceship.h; sourceTree = "<group>"; };
		4CAFA3C224AE3B26005ADD33 /* abstract.cpp */ = {isa = PBXFileReference; fileEncoding = 4; lastKnownFileType = sourcecode.cpp.cpp; path = abstract.cpp; sourceTree = "<group>"; };
		4CAFA3C324AE3B26005ADD33 /* abstract.h */ = {isa = PBXFileReference; fileEncoding = 4; lastKnownFileType = sourcecode.c.h; path = abstract.h; sourceTree = "<group>"; };
		4CAFA3CA24AF386F005ADD33 /* spaceship_new.cpp */ = {isa = PBXFileReference; lastKnownFileType = sourcecode.cpp.cpp; path = spaceship_new.cpp; sourceTree = "<group>"; };
		4CAFA3CB24AF386F005ADD33 /* spaceship_new.hpp */ = {isa = PBXFileReference; lastKnownFileType = sourcecode.cpp.h; path = spaceship_new.hpp; sourceTree = "<group>"; };
/* End PBXFileReference section */

/* Begin PBXFrameworksBuildPhase section */
		4C039A21247407AC00AACD3F /* Frameworks */ = {
			isa = PBXFrameworksBuildPhase;
			buildActionMask = 2147483647;
			files = (
			);
			runOnlyForDeploymentPostprocessing = 0;
		};
/* End PBXFrameworksBuildPhase section */

/* Begin PBXGroup section */
		4C039A1B247407AC00AACD3F = {
			isa = PBXGroup;
			children = (
				4C039A27247407AC00AACD3F /* EventHorizon */,
				4C039A26247407AC00AACD3F /* Products */,
			);
			sourceTree = "<group>";
		};
		4C039A26247407AC00AACD3F /* Products */ = {
			isa = PBXGroup;
			children = (
				4C039A25247407AC00AACD3F /* EventHorizon.app */,
			);
			name = Products;
			sourceTree = "<group>";
		};
		4C039A27247407AC00AACD3F /* EventHorizon */ = {
			isa = PBXGroup;
			children = (
				4C039A3E247408BC00AACD3F /* main.cpp */,
				4CAFA3BE24AE3B26005ADD33 /* spaceship.cpp */,
				4C039A3D247408BC00AACD3F /* EventHorizon.cpp */,
				4C039A3F247408BC00AACD3F /* EventHorizon.h */,
				4CAFA3C124AE3B26005ADD33 /* spaceship.h */,
				4CAFA3C224AE3B26005ADD33 /* abstract.cpp */,
				4CAFA3C324AE3B26005ADD33 /* abstract.h */,
				4CAFA3C024AE3B26005ADD33 /* asteroid1.cpp */,
				4CAFA3BF24AE3B26005ADD33 /* asteroid1.h */,
				4CAFA3CA24AF386F005ADD33 /* spaceship_new.cpp */,
				4CAFA3CB24AF386F005ADD33 /* spaceship_new.hpp */,
				4C039A4624740A8700AACD3F /* README.md */,
				4C039A44247409FD00AACD3F /* Resources */,
				4C039A28247407AC00AACD3F /* Supporting Files */,
			);
			path = EventHorizon;
			sourceTree = "<group>";
		};
		4C039A28247407AC00AACD3F /* Supporting Files */ = {
			isa = PBXGroup;
			children = (
				4C039A29247407AC00AACD3F /* EventHorizon-Info.plist */,
			);
			path = "Supporting Files";
			sourceTree = "<group>";
		};
/* End PBXGroup section */

/* Begin PBXNativeTarget section */
		4C039A24247407AC00AACD3F /* EventHorizon */ = {
			isa = PBXNativeTarget;
			buildConfigurationList = 4C039A3A247407AC00AACD3F /* Build configuration list for PBXNativeTarget "EventHorizon" */;
			buildPhases = (
				4C039A20247407AC00AACD3F /* Sources */,
				4C039A21247407AC00AACD3F /* Frameworks */,
				4C039A22247407AC00AACD3F /* Resources */,
				4C039A23247407AC00AACD3F /* ShellScript */,
			);
			buildRules = (
			);
			dependencies = (
			);
			name = EventHorizon;
			productName = EventHorizon;
			productReference = 4C039A25247407AC00AACD3F /* EventHorizon.app */;
			productType = "com.apple.product-type.application";
		};
/* End PBXNativeTarget section */

/* Begin PBXProject section */
		4C039A1C247407AC00AACD3F /* Project object */ = {
			isa = PBXProject;
			attributes = {
				LastUpgradeCheck = 1130;
				ORGANIZATIONNAME = "Bartłomiej Gasyna";
				TargetAttributes = {
					4C039A24247407AC00AACD3F = {
						CreatedOnToolsVersion = 11.3.1;
					};
				};
			};
			buildConfigurationList = 4C039A1F247407AC00AACD3F /* Build configuration list for PBXProject "EventHorizon" */;
			compatibilityVersion = "Xcode 9.3";
			developmentRegion = en;
			hasScannedForEncodings = 0;
			knownRegions = (
				en,
				Base,
			);
			mainGroup = 4C039A1B247407AC00AACD3F;
			productRefGroup = 4C039A26247407AC00AACD3F /* Products */;
			projectDirPath = "";
			projectRoot = "";
			targets = (
				4C039A24247407AC00AACD3F /* EventHorizon */,
			);
		};
/* End PBXProject section */

/* Begin PBXResourcesBuildPhase section */
		4C039A22247407AC00AACD3F /* Resources */ = {
			isa = PBXResourcesBuildPhase;
			buildActionMask = 2147483647;
			files = (
				4C039A4724740A8700AACD3F /* README.md in Resources */,
				4C039A45247409FD00AACD3F /* Resources in Resources */,
			);
			runOnlyForDeploymentPostprocessing = 0;
		};
/* End PBXResourcesBuildPhase section */

/* Begin PBXShellScriptBuildPhase section */
		4C039A23247407AC00AACD3F /* ShellScript */ = {
			isa = PBXShellScriptBuildPhase;
			buildActionMask = 8;
			files = (
			);
			inputFileListPaths = (
			);
			inputPaths = (
			);
			outputFileListPaths = (
			);
			outputPaths = (
			);
			runOnlyForDeploymentPostprocessing = 1;
			shellPath = /bin/sh;
			shellScript = "# This shell script simply copies required SFML dylibs/frameworks into the application bundle frameworks folder.\n# If you're using static libraries (which is not recommended) you should remove this script from your project.\n\n# SETTINGS\nSFML_DEPENDENCIES_INSTALL_PREFIX=\"/Users/SFML/Desktop/packaging/tmp/install/Library/Frameworks\"\nCMAKE_INSTALL_FRAMEWORK_PREFIX=\"/Users/SFML/Desktop/packaging/tmp/install/Library/Frameworks\"\nCMAKE_INSTALL_LIB_PREFIX=\"/Users/SFML/Desktop/packaging/tmp/install/Library/Frameworks/lib\"\nFRAMEWORKS_FULL_PATH=\"$BUILT_PRODUCTS_DIR/$FRAMEWORKS_FOLDER_PATH/\"\n\n# Are we building a project that uses frameworks or dylibs?\ncase \"$SFML_BINARY_TYPE\" in\n    DYLIBS)\n        frameworks=\"false\"\n        ;;\n    *)\n        frameworks=\"true\"\n        ;;\nesac\n\n# Echoes to stderr\nerror () # $* message to display\n{\n    echo $* 1>&2\n    exit 2\n}\n\nassert () # $1 is a boolean, $2...N is an error message\n{\n    if [ $# -lt 2 ]\n    then\n        error \"Internal error in assert: not enough args\"\n    fi\n\n    if [ $1 -ne 0 ]\n    then\n        shift\n        error \"$*\"\n    fi\n}\n\nforce_remove () # $@ is some paths\n{\n    test $# -ge 1\n    assert $? \"force_remove() requires at least one parameter\"\n    rm -fr $@\n    assert $? \"couldn't remove $@\"\n}\n\ncopy () # $1 is a source, $2 is a destination\n{\n    test $# -eq 2\n    assert $? \"copy() requires two parameters\"\n    ditto \"$1\" \"$2\"\n    assert $? \"couldn't copy $1 to $2\"\n}\n\nrequire () # $1 is a SFML module like 'system' or 'audio'\n{\n    dest=\"$BUILT_PRODUCTS_DIR/$FRAMEWORKS_FOLDER_PATH/\"\n\n    if [ -z \"$1\" ]\n    then\n        error \"require() requires one parameter!\"\n    else\n        # clean potentially old stuff\n        force_remove \"$dest/libsfml-$1\"*\n        force_remove \"$dest/sfml-$1.framework\"\n\n        # copy SFML libraries\n        if [ \"$frameworks\" = \"true\" ]\n        then\n            source=\"$CMAKE_INSTALL_FRAMEWORK_PREFIX/sfml-$1.framework\"\n            target=\"sfml-$1.framework\"\n        elif [ \"$SFML_LINK_DYLIBS_SUFFIX\" = \"-d\" ]\n        then\n            source=\"$CMAKE_INSTALL_LIB_PREFIX/libsfml-$1-d.dylib\"\n            target=\"`readlink $source`\"\n        else\n            source=\"$CMAKE_INSTALL_LIB_PREFIX/libsfml-$1.dylib\"\n            target=\"`readlink $source`\"\n        fi\n\n        copy \"$source\" \"$dest/$target\"\n\n        # copy extra dependencies\n        if [ \"$1\" = \"audio\" ]\n        then\n            # copy \"FLAC\" \"ogg\" \"vorbis\" \"vorbisenc\" \"vorbisfile\" \"OpenAL\" frameworks too\n            for f in \"FLAC\" \"ogg\" \"vorbis\" \"vorbisenc\" \"vorbisfile\" \"OpenAL\"\n            do\n                copy \"$SFML_DEPENDENCIES_INSTALL_PREFIX/$f.framework\" \"$dest/$f.framework\"\n            done\n        elif [ \"$1\" = \"graphics\" ]\n        then\n            copy \"$SFML_DEPENDENCIES_INSTALL_PREFIX/freetype.framework\" \"$dest/freetype.framework\"\n        fi\n    fi\n}\n\nif [ -n \"$SFML_SYSTEM\" ]\nthen\n    require \"system\"\nfi\n\nif [ -n \"$SFML_AUDIO\" ]\nthen\n    require \"audio\"\nfi\n\nif [ -n \"$SFML_NETWORK\" ]\nthen\n    require \"network\"\nfi\n\nif [ -n \"$SFML_WINDOW\" ]\nthen\n    require \"window\"\nfi\n\nif [ -n \"$SFML_GRAPHICS\" ]\nthen\n    require \"graphics\"\nfi\n\n                \n";
		};
/* End PBXShellScriptBuildPhase section */

/* Begin PBXSourcesBuildPhase section */
		4C039A20247407AC00AACD3F /* Sources */ = {
			isa = PBXSourcesBuildPhase;
			buildActionMask = 2147483647;
			files = (
				4CAFA3C424AE3B26005ADD33 /* spaceship.cpp in Sources */,
				4C039A41247408BC00AACD3F /* main.cpp in Sources */,
				4CAFA3C624AE3B26005ADD33 /* abstract.cpp in Sources */,
				4CAFA3CC24AF386F005ADD33 /* spaceship_new.cpp in Sources */,
				4CAFA3C524AE3B26005ADD33 /* asteroid1.cpp in Sources */,
				4C039A40247408BC00AACD3F /* EventHorizon.cpp in Sources */,
			);
			runOnlyForDeploymentPostprocessing = 0;
		};
/* End PBXSourcesBuildPhase section */

/* Begin XCBuildConfiguration section */
		4C039A38247407AC00AACD3F /* Debug */ = {
			isa = XCBuildConfiguration;
			buildSettings = {
				ARCHS = "$(NATIVE_ARCH_ACTUAL)";
				CLANG_CXX_LANGUAGE_STANDARD = "c++11";
				CLANG_CXX_LIBRARY = "libc++";
				FRAMEWORK_SEARCH_PATHS = (
					/Library/Frameworks/,
					"$(inherited)",
				);
				GCC_VERSION = com.apple.compilers.llvm.clang.1_0;
				HEADER_SEARCH_PATHS = (
					/usr/local/include/,
					"$(inherited)",
				);
				LIBRARY_SEARCH_PATHS = (
					/usr/local/lib/,
					"$(inherited)",
				);
				MACOSX_DEPLOYMENT_TARGET = 10.7;
				OTHER_LDFLAGS = (
					"$(inherited)",
					"$(SFML_SYSTEM)",
					"$(SFML_WINDOW)",
					"$(SFML_GRAPHICS)",
					"$(SFML_AUDIO)",
					"$(SFML_NETWORK)",
				);
				SFML_AUDIO = "$(SFML_LINK_PREFIX) sfml-audio$(SFML_LINK_SUFFIX)";
				SFML_BINARY_TYPE = FRAMEWORKS;
				SFML_GRAPHICS = "$(SFML_LINK_PREFIX) sfml-graphics$(SFML_LINK_SUFFIX)";
				SFML_LINK_DYLIBS_PREFIX = "-l";
				SFML_LINK_DYLIBS_SUFFIX = "";
				SFML_LINK_FRAMEWORKS_PREFIX = "-framework";
				SFML_LINK_FRAMEWORKS_SUFFIX = "";
				SFML_LINK_PREFIX = "$(SFML_LINK_$(SFML_BINARY_TYPE)_PREFIX)";
				SFML_LINK_SUFFIX = "$(SFML_LINK_$(SFML_BINARY_TYPE)_SUFFIX)";
				SFML_NETWORK = "$(SFML_LINK_PREFIX) sfml-network$(SFML_LINK_SUFFIX)";
				SFML_SYSTEM = "$(SFML_LINK_PREFIX) sfml-system$(SFML_LINK_SUFFIX)";
				SFML_WINDOW = "$(SFML_LINK_PREFIX) sfml-window$(SFML_LINK_SUFFIX)";
				SUPPORTED_PLATFORMS = macosx;
			};
			name = Debug;
		};
		4C039A39247407AC00AACD3F /* Release */ = {
			isa = XCBuildConfiguration;
			buildSettings = {
				ARCHS = "$(NATIVE_ARCH_ACTUAL)";
				CLANG_CXX_LANGUAGE_STANDARD = "c++11";
				CLANG_CXX_LIBRARY = "libc++";
				FRAMEWORK_SEARCH_PATHS = (
					/Library/Frameworks/,
					"$(inherited)",
				);
				GCC_VERSION = com.apple.compilers.llvm.clang.1_0;
				HEADER_SEARCH_PATHS = (
					/usr/local/include/,
					"$(inherited)",
				);
				LIBRARY_SEARCH_PATHS = (
					/usr/local/lib/,
					"$(inherited)",
				);
				MACOSX_DEPLOYMENT_TARGET = 10.7;
				OTHER_LDFLAGS = (
					"$(inherited)",
					"$(SFML_SYSTEM)",
					"$(SFML_WINDOW)",
					"$(SFML_GRAPHICS)",
					"$(SFML_AUDIO)",
					"$(SFML_NETWORK)",
				);
				SFML_AUDIO = "$(SFML_LINK_PREFIX) sfml-audio$(SFML_LINK_SUFFIX)";
				SFML_BINARY_TYPE = FRAMEWORKS;
				SFML_GRAPHICS = "$(SFML_LINK_PREFIX) sfml-graphics$(SFML_LINK_SUFFIX)";
				SFML_LINK_DYLIBS_PREFIX = "-l";
				SFML_LINK_DYLIBS_SUFFIX = "";
				SFML_LINK_FRAMEWORKS_PREFIX = "-framework";
				SFML_LINK_FRAMEWORKS_SUFFIX = "";
				SFML_LINK_PREFIX = "$(SFML_LINK_$(SFML_BINARY_TYPE)_PREFIX)";
				SFML_LINK_SUFFIX = "$(SFML_LINK_$(SFML_BINARY_TYPE)_SUFFIX)";
				SFML_NETWORK = "$(SFML_LINK_PREFIX) sfml-network$(SFML_LINK_SUFFIX)";
				SFML_SYSTEM = "$(SFML_LINK_PREFIX) sfml-system$(SFML_LINK_SUFFIX)";
				SFML_WINDOW = "$(SFML_LINK_PREFIX) sfml-window$(SFML_LINK_SUFFIX)";
				SUPPORTED_PLATFORMS = macosx;
			};
			name = Release;
		};
		4C039A3B247407AC00AACD3F /* Debug */ = {
			isa = XCBuildConfiguration;
			buildSettings = {
				CODE_SIGN_STYLE = Automatic;
				INFOPLIST_FILE = "EventHorizon/EventHorizon-Info.plist";
				LD_RUNPATH_SEARCH_PATHS = "@loader_path/../Frameworks";
				PRODUCT_NAME = "$(TARGET_NAME)";
			};
			name = Debug;
		};
		4C039A3C247407AC00AACD3F /* Release */ = {
			isa = XCBuildConfiguration;
			buildSettings = {
				CODE_SIGN_STYLE = Automatic;
				INFOPLIST_FILE = "EventHorizon/EventHorizon-Info.plist";
				LD_RUNPATH_SEARCH_PATHS = "@loader_path/../Frameworks";
				PRODUCT_NAME = "$(TARGET_NAME)";
			};
			name = Release;
		};
/* End XCBuildConfiguration section */

/* Begin XCConfigurationList section */
		4C039A1F247407AC00AACD3F /* Build configuration list for PBXProject "EventHorizon" */ = {
			isa = XCConfigurationList;
			buildConfigurations = (
				4C039A38247407AC00AACD3F /* Debug */,
				4C039A39247407AC00AACD3F /* Release */,
			);
			defaultConfigurationIsVisible = 0;
			defaultConfigurationName = Release;
		};
		4C039A3A247407AC00AACD3F /* Build configuration list for PBXNativeTarget "EventHorizon" */ = {
			isa = XCConfigurationList;
			buildConfigurations = (
				4C039A3B247407AC00AACD3F /* Debug */,
				4C039A3C247407AC00AACD3F /* Release */,
			);
			defaultConfigurationIsVisible = 0;
			defaultConfigurationName = Release;
		};
/* End XCConfigurationList section */
	};
	rootObject = 4C039A1C247407AC00AACD3F /* Project object */;
}
